
Microsoft Visual Studio Solution File, Format Version 12.00
# Visual Studio Version 17
VisualStudioVersion = 17.3.32825.248
MinimumVisualStudioVersion = 10.0.40219.1
Project("{9A19103F-16F7-4668-BE54-9A1E7A4F7556}") = "ExolRebirth", "ExolRebirth.csproj", "{77E7D5F6-301A-48BE-9581-D38FA1E83535}"
EndProject
Global
	GlobalSection(SolutionConfigurationPlatforms) = preSolution
		Debug|Any CPU = Debug|Any CPU
		Release|Any CPU = Release|Any CPU
	EndGlobalSection
	GlobalSection(ProjectConfigurationPlatforms) = postSolution
		{77E7D5F6-301A-48BE-9581-D38FA1E83535}.Debug|Any CPU.ActiveCfg = Debug|Any CPU
		{77E7D5F6-301A-48BE-9581-D38FA1E83535}.Debug|Any CPU.Build.0 = Debug|Any CPU
		{77E7D5F6-301A-48BE-9581-D38FA1E83535}.Release|Any CPU.ActiveCfg = Release|Any CPU
		{77E7D5F6-301A-48BE-9581-D38FA1E83535}.Release|Any CPU.Build.0 = Release|Any CPU
	EndGlobalSection
	GlobalSection(SolutionProperties) = preSolution
		HideSolutionNode = FALSE
	EndGlobalSection
	GlobalSection(ExtensibilityGlobals) = postSolution
		SolutionGuid = {DC76F226-0D4A-4353-882A-DC3F88623E64}
	EndGlobalSection
EndGlobal
